
Microsoft Visual Studio Solution File, Format Version 12.00
# Visual Studio Version 17
VisualStudioVersion = 17.8.34322.80
MinimumVisualStudioVersion = 10.0.40219.1
Project("{9A19103F-16F7-4668-BE54-9A1E7A4F7556}") = "GazpromNeftWebApi", "GazpromNeftWebApi\GazpromNeftWebApi.csproj", "{1E228767-F3AD-461E-B5AA-1F7F7A80D67B}"
EndProject
Project("{9A19103F-16F7-4668-BE54-9A1E7A4F7556}") = "GazpromNeftDomain", "GazpromNeftDomain\GazpromNeftDomain.csproj", "{CFFC171B-7C84-44FB-BEE7-CF095594EDB5}"
EndProject
Project("{FAE04EC0-301F-11D3-BF4B-00C04F79EFBC}") = "GazpromNeftWebApi.Tests", "GazpromNeftWebApi.Tests\GazpromNeftWebApi.Tests.csproj", "{61E4EC56-F2B4-4152-986F-B516B1E79D30}"
EndProject
Global
	GlobalSection(SolutionConfigurationPlatforms) = preSolution
		Debug|Any CPU = Debug|Any CPU
		Release|Any CPU = Release|Any CPU
	EndGlobalSection
	GlobalSection(ProjectConfigurationPlatforms) = postSolution
		{1E228767-F3AD-461E-B5AA-1F7F7A80D67B}.Debug|Any CPU.ActiveCfg = Debug|Any CPU
		{1E228767-F3AD-461E-B5AA-1F7F7A80D67B}.Debug|Any CPU.Build.0 = Debug|Any CPU
		{1E228767-F3AD-461E-B5AA-1F7F7A80D67B}.Release|Any CPU.ActiveCfg = Release|Any CPU
		{1E228767-F3AD-461E-B5AA-1F7F7A80D67B}.Release|Any CPU.Build.0 = Release|Any CPU
		{CFFC171B-7C84-44FB-BEE7-CF095594EDB5}.Debug|Any CPU.ActiveCfg = Debug|Any CPU
		{CFFC171B-7C84-44FB-BEE7-CF095594EDB5}.Debug|Any CPU.Build.0 = Debug|Any CPU
		{CFFC171B-7C84-44FB-BEE7-CF095594EDB5}.Release|Any CPU.ActiveCfg = Release|Any CPU
		{CFFC171B-7C84-44FB-BEE7-CF095594EDB5}.Release|Any CPU.Build.0 = Release|Any CPU
		{61E4EC56-F2B4-4152-986F-B516B1E79D30}.Debug|Any CPU.ActiveCfg = Debug|Any CPU
		{61E4EC56-F2B4-4152-986F-B516B1E79D30}.Debug|Any CPU.Build.0 = Debug|Any CPU
		{61E4EC56-F2B4-4152-986F-B516B1E79D30}.Release|Any CPU.ActiveCfg = Release|Any CPU
		{61E4EC56-F2B4-4152-986F-B516B1E79D30}.Release|Any CPU.Build.0 = Release|Any CPU
	EndGlobalSection
	GlobalSection(SolutionProperties) = preSolution
		HideSolutionNode = FALSE
	EndGlobalSection
	GlobalSection(ExtensibilityGlobals) = postSolution
		SolutionGuid = {AB0993D4-AC4F-4458-A6DC-C672FF7CEF93}
	EndGlobalSection
EndGlobal
